id: iqstream_source
label: IQ Stream Source
category: '[IQ Streaming]'
flags: [python]
parameters:
- id: address
  label: Server or Address
  dtype: raw
  default: "'127.0.0.1:50051'"
- id: resource
  label: Resource ID
  dtype: string
  default: iq
- id: type
  label: Sample Type
  dtype: enum
  default: complex
  options: [float, complex]
  option_labels: [Real float32, Complex float32]
  option_attributes:
    layout: [REAL, COMPLEX]
- id: options
  label: Stream Options
  dtype: raw
  default: iqstream.stream_options()

outputs:
- domain: stream
  dtype: ${ type }

templates:
  imports: from gnuradio import iqstream
  make: iqstream.source(iqstream.endpoint_address(${address}), ${resource}, iqstream.sample_layout.${type.layout}, iqstream.configured_options(${options}))
documentation: |-
  Native gRPC streaming for GNU Radio 3.10.12. One real or complex channel.
  Configure stream_options for TLS, metadata profile, loss policy and limits.
  Sending blocks finish their accepted prefix on stop; cancel() aborts.
  ACCEPTED completion does not promise durable storage or downstream DSP completion.
file_format: 1
